
Microsoft Visual Studio Solution File, Format Version 12.00
# Visual Studio Version 16
VisualStudioVersion = 16.0.32630.194
MinimumVisualStudioVersion = 10.0.40219.1
Project("{FAE04EC0-301F-11D3-BF4B-00C04F79EFBC}") = "maptool", "maptool\maptool.csproj", "{FEBFD736-8599-4E8C-9B52-7E45EC179C2B}"
EndProject
Global
	GlobalSection(SolutionConfigurationPlatforms) = preSolution
		Debug|Any CPU = Debug|Any CPU
		Release|Any CPU = Release|Any CPU
	EndGlobalSection
	GlobalSection(ProjectConfigurationPlatforms) = postSolution
		{FEBFD736-8599-4E8C-9B52-7E45EC179C2B}.Debug|Any CPU.ActiveCfg = Debug|Any CPU
		{FEBFD736-8599-4E8C-9B52-7E45EC179C2B}.Debug|Any CPU.Build.0 = Debug|Any CPU
		{FEBFD736-8599-4E8C-9B52-7E45EC179C2B}.Release|Any CPU.ActiveCfg = Release|Any CPU
		{FEBFD736-8599-4E8C-9B52-7E45EC179C2B}.Release|Any CPU.Build.0 = Release|Any CPU
	EndGlobalSection
	GlobalSection(SolutionProperties) = preSolution
		HideSolutionNode = FALSE
	EndGlobalSection
	GlobalSection(ExtensibilityGlobals) = postSolution
		SolutionGuid = {14160F54-5B12-412E-BD94-DA4EEE82DA61}
	EndGlobalSection
EndGlobal
